
Microsoft Visual Studio Solution File, Format Version 12.00
# Visual Studio 14
VisualStudioVersion = 14.0.24720.0
MinimumVisualStudioVersion = 10.0.40219.1
Project("{8BC9CEB8-8B4A-11D0-8D11-00A0C91BC942}") = "10307 - Killing aliens", "10307_killing\10307_killing.vcxproj", "{7CBEA9C8-8FF5-49DC-9C1A-7EB3F1BFF47D}"
EndProject
Project("{8BC9CEB8-8B4A-11D0-8D11-00A0C91BC942}") = "10300 - Ecological Premium", "10300 - Ecological Premium\10300 - Ecological Premium.vcxproj", "{CE06BDBE-EE74-41E6-9A60-A47BF407522C}"
EndProject
Project("{8BC9CEB8-8B4A-11D0-8D11-00A0C91BC942}") = "10608 - Friends", "10608 - Friends\10608 - Friends.vcxproj", "{77809472-A3FC-466C-8AA2-07917CFA37A6}"
EndProject
Project("{8BC9CEB8-8B4A-11D0-8D11-00A0C91BC942}") = "10878 - Decode the tape", "10878 - Decode the tape\10878 - Decode the tape.vcxproj", "{49EB1715-D478-4B6D-96AA-AC8B26160BA6}"
EndProject
Project("{8BC9CEB8-8B4A-11D0-8D11-00A0C91BC942}") = "591 - Box of bricks", "591 - Box of bricks\591 - Box of bricks.vcxproj", "{609A6E1D-9EC2-4F89-BF55-25585ABFBB76}"
EndProject
Project("{8BC9CEB8-8B4A-11D0-8D11-00A0C91BC942}") = "839 - Not so mobile", "839 - Not so mobile\839 - Not so mobile.vcxproj", "{4747EE4D-6B59-4CA4-B8F4-0FC49BD36B3C}"
EndProject
Project("{8BC9CEB8-8B4A-11D0-8D11-00A0C91BC942}") = "374 - Big mod", "374 - Big mod\374 - Big mod.vcxproj", "{969F5685-493B-4269-AFCE-B9686C8F1E81}"
EndProject
Project("{8BC9CEB8-8B4A-11D0-8D11-00A0C91BC942}") = "11054 - Wine Trading", "11054 - Wine Trading\11054 - Wine Trading.vcxproj", "{2E37404B-8011-45E3-A9AE-CADAFBDD5534}"
EndProject
Project("{8BC9CEB8-8B4A-11D0-8D11-00A0C91BC942}") = "10340 - All in all", "10340 - All in all\10340 - All in all.vcxproj", "{35DD9B96-964D-40F0-8603-C72538112C52}"
EndProject
Project("{8BC9CEB8-8B4A-11D0-8D11-00A0C91BC942}") = "10943 - How would you add", "10943 - How would you add\10943 - How would you add.vcxproj", "{6173AEF5-DF9F-456E-BDA8-46761A04ADB5}"
EndProject
Project("{8BC9CEB8-8B4A-11D0-8D11-00A0C91BC942}") = "116 - Undirectional TSP", "116 - Undirectional TSP\116 - Undirectional TSP.vcxproj", "{B8D5E056-BD62-4D83-BBB7-FB972ACB1965}"
EndProject
Project("{8BC9CEB8-8B4A-11D0-8D11-00A0C91BC942}") = "185 - Roman Numerals", "185 - Roman Numerals\185 - Roman Numerals.vcxproj", "{68F75DE2-32B0-4589-B49E-F5D9D994905F}"
EndProject
Project("{8BC9CEB8-8B4A-11D0-8D11-00A0C91BC942}") = "920 - Sunny Mountains", "920 - Sunny Mountains\920 - Sunny Mountains.vcxproj", "{D71335D5-E763-4091-9606-604D18D76627}"
EndProject
Project("{8BC9CEB8-8B4A-11D0-8D11-00A0C91BC942}") = "10078 - The Art Gallery", "10078 - The Art Gallery\10078 - The Art Gallery.vcxproj", "{96CB374B-4F66-4951-9346-9C3C82512E80}"
EndProject
Project("{8BC9CEB8-8B4A-11D0-8D11-00A0C91BC942}") = "10245 - The Closest Pair Problem", "10245 - The Closest Pair Problem\10245 - The Closest Pair Problem.vcxproj", "{CAC4CBC0-C3E3-4A80-B1C6-194F946AFC31}"
EndProject
Global
	GlobalSection(SolutionConfigurationPlatforms) = preSolution
		Debug|x64 = Debug|x64
		Debug|x86 = Debug|x86
		Release|x64 = Release|x64
		Release|x86 = Release|x86
	EndGlobalSection
	GlobalSection(ProjectConfigurationPlatforms) = postSolution
		{7CBEA9C8-8FF5-49DC-9C1A-7EB3F1BFF47D}.Debug|x64.ActiveCfg = Debug|x64
		{7CBEA9C8-8FF5-49DC-9C1A-7EB3F1BFF47D}.Debug|x64.Build.0 = Debug|x64
		{7CBEA9C8-8FF5-49DC-9C1A-7EB3F1BFF47D}.Debug|x86.ActiveCfg = Debug|Win32
		{7CBEA9C8-8FF5-49DC-9C1A-7EB3F1BFF47D}.Debug|x86.Build.0 = Debug|Win32
		{7CBEA9C8-8FF5-49DC-9C1A-7EB3F1BFF47D}.Release|x64.ActiveCfg = Release|x64
		{7CBEA9C8-8FF5-49DC-9C1A-7EB3F1BFF47D}.Release|x64.Build.0 = Release|x64
		{7CBEA9C8-8FF5-49DC-9C1A-7EB3F1BFF47D}.Release|x86.ActiveCfg = Release|Win32
		{7CBEA9C8-8FF5-49DC-9C1A-7EB3F1BFF47D}.Release|x86.Build.0 = Release|Win32
		{CE06BDBE-EE74-41E6-9A60-A47BF407522C}.Debug|x64.ActiveCfg = Debug|x64
		{CE06BDBE-EE74-41E6-9A60-A47BF407522C}.Debug|x64.Build.0 = Debug|x64
		{CE06BDBE-EE74-41E6-9A60-A47BF407522C}.Debug|x86.ActiveCfg = Debug|Win32
		{CE06BDBE-EE74-41E6-9A60-A47BF407522C}.Debug|x86.Build.0 = Debug|Win32
		{CE06BDBE-EE74-41E6-9A60-A47BF407522C}.Release|x64.ActiveCfg = Release|x64
		{CE06BDBE-EE74-41E6-9A60-A47BF407522C}.Release|x64.Build.0 = Release|x64
		{CE06BDBE-EE74-41E6-9A60-A47BF407522C}.Release|x86.ActiveCfg = Release|Win32
		{CE06BDBE-EE74-41E6-9A60-A47BF407522C}.Release|x86.Build.0 = Release|Win32
		{77809472-A3FC-466C-8AA2-07917CFA37A6}.Debug|x64.ActiveCfg = Debug|x64
		{77809472-A3FC-466C-8AA2-07917CFA37A6}.Debug|x64.Build.0 = Debug|x64
		{77809472-A3FC-466C-8AA2-07917CFA37A6}.Debug|x86.ActiveCfg = Debug|Win32
		{77809472-A3FC-466C-8AA2-07917CFA37A6}.Debug|x86.Build.0 = Debug|Win32
		{77809472-A3FC-466C-8AA2-07917CFA37A6}.Release|x64.ActiveCfg = Release|x64
		{77809472-A3FC-466C-8AA2-07917CFA37A6}.Release|x64.Build.0 = Release|x64
		{77809472-A3FC-466C-8AA2-07917CFA37A6}.Release|x86.ActiveCfg = Release|Win32
		{77809472-A3FC-466C-8AA2-07917CFA37A6}.Release|x86.Build.0 = Release|Win32
		{49EB1715-D478-4B6D-96AA-AC8B26160BA6}.Debug|x64.ActiveCfg = Debug|x64
		{49EB1715-D478-4B6D-96AA-AC8B26160BA6}.Debug|x64.Build.0 = Debug|x64
		{49EB1715-D478-4B6D-96AA-AC8B26160BA6}.Debug|x86.ActiveCfg = Debug|Win32
		{49EB1715-D478-4B6D-96AA-AC8B26160BA6}.Debug|x86.Build.0 = Debug|Win32
		{49EB1715-D478-4B6D-96AA-AC8B26160BA6}.Release|x64.ActiveCfg = Release|x64
		{49EB1715-D478-4B6D-96AA-AC8B26160BA6}.Release|x64.Build.0 = Release|x64
		{49EB1715-D478-4B6D-96AA-AC8B26160BA6}.Release|x86.ActiveCfg = Release|Win32
		{49EB1715-D478-4B6D-96AA-AC8B26160BA6}.Release|x86.Build.0 = Release|Win32
		{609A6E1D-9EC2-4F89-BF55-25585ABFBB76}.Debug|x64.ActiveCfg = Debug|x64
		{609A6E1D-9EC2-4F89-BF55-25585ABFBB76}.Debug|x64.Build.0 = Debug|x64
		{609A6E1D-9EC2-4F89-BF55-25585ABFBB76}.Debug|x86.ActiveCfg = Debug|Win32
		{609A6E1D-9EC2-4F89-BF55-25585ABFBB76}.Debug|x86.Build.0 = Debug|Win32
		{609A6E1D-9EC2-4F89-BF55-25585ABFBB76}.Release|x64.ActiveCfg = Release|x64
		{609A6E1D-9EC2-4F89-BF55-25585ABFBB76}.Release|x64.Build.0 = Release|x64
		{609A6E1D-9EC2-4F89-BF55-25585ABFBB76}.Release|x86.ActiveCfg = Release|Win32
		{609A6E1D-9EC2-4F89-BF55-25585ABFBB76}.Release|x86.Build.0 = Release|Win32
		{4747EE4D-6B59-4CA4-B8F4-0FC49BD36B3C}.Debug|x64.ActiveCfg = Debug|x64
		{4747EE4D-6B59-4CA4-B8F4-0FC49BD36B3C}.Debug|x64.Build.0 = Debug|x64
		{4747EE4D-6B59-4CA4-B8F4-0FC49BD36B3C}.Debug|x86.ActiveCfg = Debug|Win32
		{4747EE4D-6B59-4CA4-B8F4-0FC49BD36B3C}.Debug|x86.Build.0 = Debug|Win32
		{4747EE4D-6B59-4CA4-B8F4-0FC49BD36B3C}.Release|x64.ActiveCfg = Release|x64
		{4747EE4D-6B59-4CA4-B8F4-0FC49BD36B3C}.Release|x64.Build.0 = Release|x64
		{4747EE4D-6B59-4CA4-B8F4-0FC49BD36B3C}.Release|x86.ActiveCfg = Release|Win32
		{4747EE4D-6B59-4CA4-B8F4-0FC49BD36B3C}.Release|x86.Build.0 = Release|Win32
		{969F5685-493B-4269-AFCE-B9686C8F1E81}.Debug|x64.ActiveCfg = Debug|x64
		{969F5685-493B-4269-AFCE-B9686C8F1E81}.Debug|x64.Build.0 = Debug|x64
		{969F5685-493B-4269-AFCE-B9686C8F1E81}.Debug|x86.ActiveCfg = Debug|Win32
		{969F5685-493B-4269-AFCE-B9686C8F1E81}.Debug|x86.Build.0 = Debug|Win32
		{969F5685-493B-4269-AFCE-B9686C8F1E81}.Release|x64.ActiveCfg = Release|x64
		{969F5685-493B-4269-AFCE-B9686C8F1E81}.Release|x64.Build.0 = Release|x64
		{969F5685-493B-4269-AFCE-B9686C8F1E81}.Release|x86.ActiveCfg = Release|Win32
		{969F5685-493B-4269-AFCE-B9686C8F1E81}.Release|x86.Build.0 = Release|Win32
		{2E37404B-8011-45E3-A9AE-CADAFBDD5534}.Debug|x64.ActiveCfg = Debug|x64
		{2E37404B-8011-45E3-A9AE-CADAFBDD5534}.Debug|x64.Build.0 = Debug|x64
		{2E37404B-8011-45E3-A9AE-CADAFBDD5534}.Debug|x86.ActiveCfg = Debug|Win32
		{2E37404B-8011-45E3-A9AE-CADAFBDD5534}.Debug|x86.Build.0 = Debug|Win32
		{2E37404B-8011-45E3-A9AE-CADAFBDD5534}.Release|x64.ActiveCfg = Release|x64
		{2E37404B-8011-45E3-A9AE-CADAFBDD5534}.Release|x64.Build.0 = Release|x64
		{2E37404B-8011-45E3-A9AE-CADAFBDD5534}.Release|x86.ActiveCfg = Release|Win32
		{2E37404B-8011-45E3-A9AE-CADAFBDD5534}.Release|x86.Build.0 = Release|Win32
		{35DD9B96-964D-40F0-8603-C72538112C52}.Debug|x64.ActiveCfg = Debug|x64
		{35DD9B96-964D-40F0-8603-C72538112C52}.Debug|x64.Build.0 = Debug|x64
		{35DD9B96-964D-40F0-8603-C72538112C52}.Debug|x86.ActiveCfg = Debug|Win32
		{35DD9B96-964D-40F0-8603-C72538112C52}.Debug|x86.Build.0 = Debug|Win32
		{35DD9B96-964D-40F0-8603-C72538112C52}.Release|x64.ActiveCfg = Release|x64
		{35DD9B96-964D-40F0-8603-C72538112C52}.Release|x64.Build.0 = Release|x64
		{35DD9B96-964D-40F0-8603-C72538112C52}.Release|x86.ActiveCfg = Release|Win32
		{35DD9B96-964D-40F0-8603-C72538112C52}.Release|x86.Build.0 = Release|Win32
		{6173AEF5-DF9F-456E-BDA8-46761A04ADB5}.Debug|x64.ActiveCfg = Debug|x64
		{6173AEF5-DF9F-456E-BDA8-46761A04ADB5}.Debug|x64.Build.0 = Debug|x64
		{6173AEF5-DF9F-456E-BDA8-46761A04ADB5}.Debug|x86.ActiveCfg = Debug|Win32
		{6173AEF5-DF9F-456E-BDA8-46761A04ADB5}.Debug|x86.Build.0 = Debug|Win32
		{6173AEF5-DF9F-456E-BDA8-46761A04ADB5}.Release|x64.ActiveCfg = Release|x64
		{6173AEF5-DF9F-456E-BDA8-46761A04ADB5}.Release|x64.Build.0 = Release|x64
		{6173AEF5-DF9F-456E-BDA8-46761A04ADB5}.Release|x86.ActiveCfg = Release|Win32
		{6173AEF5-DF9F-456E-BDA8-46761A04ADB5}.Release|x86.Build.0 = Release|Win32
		{B8D5E056-BD62-4D83-BBB7-FB972ACB1965}.Debug|x64.ActiveCfg = Debug|x64
		{B8D5E056-BD62-4D83-BBB7-FB972ACB1965}.Debug|x64.Build.0 = Debug|x64
		{B8D5E056-BD62-4D83-BBB7-FB972ACB1965}.Debug|x86.ActiveCfg = Debug|Win32
		{B8D5E056-BD62-4D83-BBB7-FB972ACB1965}.Debug|x86.Build.0 = Debug|Win32
		{B8D5E056-BD62-4D83-BBB7-FB972ACB1965}.Release|x64.ActiveCfg = Release|x64
		{B8D5E056-BD62-4D83-BBB7-FB972ACB1965}.Release|x64.Build.0 = Release|x64
		{B8D5E056-BD62-4D83-BBB7-FB972ACB1965}.Release|x86.ActiveCfg = Release|Win32
		{B8D5E056-BD62-4D83-BBB7-FB972ACB1965}.Release|x86.Build.0 = Release|Win32
		{68F75DE2-32B0-4589-B49E-F5D9D994905F}.Debug|x64.ActiveCfg = Debug|x64
		{68F75DE2-32B0-4589-B49E-F5D9D994905F}.Debug|x64.Build.0 = Debug|x64
		{68F75DE2-32B0-4589-B49E-F5D9D994905F}.Debug|x86.ActiveCfg = Debug|Win32
		{68F75DE2-32B0-4589-B49E-F5D9D994905F}.Debug|x86.Build.0 = Debug|Win32
		{68F75DE2-32B0-4589-B49E-F5D9D994905F}.Release|x64.ActiveCfg = Release|x64
		{68F75DE2-32B0-4589-B49E-F5D9D994905F}.Release|x64.Build.0 = Release|x64
		{68F75DE2-32B0-4589-B49E-F5D9D994905F}.Release|x86.ActiveCfg = Release|Win32
		{68F75DE2-32B0-4589-B49E-F5D9D994905F}.Release|x86.Build.0 = Release|Win32
		{D71335D5-E763-4091-9606-604D18D76627}.Debug|x64.ActiveCfg = Debug|x64
		{D71335D5-E763-4091-9606-604D18D76627}.Debug|x64.Build.0 = Debug|x64
		{D71335D5-E763-4091-9606-604D18D76627}.Debug|x86.ActiveCfg = Debug|Win32
		{D71335D5-E763-4091-9606-604D18D76627}.Debug|x86.Build.0 = Debug|Win32
		{D71335D5-E763-4091-9606-604D18D76627}.Release|x64.ActiveCfg = Release|x64
		{D71335D5-E763-4091-9606-604D18D76627}.Release|x64.Build.0 = Release|x64
		{D71335D5-E763-4091-9606-604D18D76627}.Release|x86.ActiveCfg = Release|Win32
		{D71335D5-E763-4091-9606-604D18D76627}.Release|x86.Build.0 = Release|Win32
		{96CB374B-4F66-4951-9346-9C3C82512E80}.Debug|x64.ActiveCfg = Debug|x64
		{96CB374B-4F66-4951-9346-9C3C82512E80}.Debug|x64.Build.0 = Debug|x64
		{96CB374B-4F66-4951-9346-9C3C82512E80}.Debug|x86.ActiveCfg = Debug|Win32
		{96CB374B-4F66-4951-9346-9C3C82512E80}.Debug|x86.Build.0 = Debug|Win32
		{96CB374B-4F66-4951-9346-9C3C82512E80}.Release|x64.ActiveCfg = Release|x64
		{96CB374B-4F66-4951-9346-9C3C82512E80}.Release|x64.Build.0 = Release|x64
		{96CB374B-4F66-4951-9346-9C3C82512E80}.Release|x86.ActiveCfg = Release|Win32
		{96CB374B-4F66-4951-9346-9C3C82512E80}.Release|x86.Build.0 = Release|Win32
		{CAC4CBC0-C3E3-4A80-B1C6-194F946AFC31}.Debug|x64.ActiveCfg = Debug|x64
		{CAC4CBC0-C3E3-4A80-B1C6-194F946AFC31}.Debug|x64.Build.0 = Debug|x64
		{CAC4CBC0-C3E3-4A80-B1C6-194F946AFC31}.Debug|x86.ActiveCfg = Debug|Win32
		{CAC4CBC0-C3E3-4A80-B1C6-194F946AFC31}.Debug|x86.Build.0 = Debug|Win32
		{CAC4CBC0-C3E3-4A80-B1C6-194F946AFC31}.Release|x64.ActiveCfg = Release|x64
		{CAC4CBC0-C3E3-4A80-B1C6-194F946AFC31}.Release|x64.Build.0 = Release|x64
		{CAC4CBC0-C3E3-4A80-B1C6-194F946AFC31}.Release|x86.ActiveCfg = Release|Win32
		{CAC4CBC0-C3E3-4A80-B1C6-194F946AFC31}.Release|x86.Build.0 = Release|Win32
	EndGlobalSection
	GlobalSection(SolutionProperties) = preSolution
		HideSolutionNode = FALSE
	EndGlobalSection
EndGlobal
